
Microsoft Visual Studio Solution File, Format Version 12.00
# Visual Studio Version 17
VisualStudioVersion = 17.8.34330.188
MinimumVisualStudioVersion = 10.0.40219.1
Project("{9A19103F-16F7-4668-BE54-9A1E7A4F7556}") = "Project1", "Project1\Project1.csproj", "{A6F75BE5-4CCD-4F11-BA8A-D96A285EB252}"
EndProject
Global
	GlobalSection(SolutionConfigurationPlatforms) = preSolution
		Debug|Any CPU = Debug|Any CPU
		Release|Any CPU = Release|Any CPU
	EndGlobalSection
	GlobalSection(ProjectConfigurationPlatforms) = postSolution
		{A6F75BE5-4CCD-4F11-BA8A-D96A285EB252}.Debug|Any CPU.ActiveCfg = Debug|Any CPU
		{A6F75BE5-4CCD-4F11-BA8A-D96A285EB252}.Debug|Any CPU.Build.0 = Debug|Any CPU
		{A6F75BE5-4CCD-4F11-BA8A-D96A285EB252}.Release|Any CPU.ActiveCfg = Release|Any CPU
		{A6F75BE5-4CCD-4F11-BA8A-D96A285EB252}.Release|Any CPU.Build.0 = Release|Any CPU
	EndGlobalSection
	GlobalSection(SolutionProperties) = preSolution
		HideSolutionNode = FALSE
	EndGlobalSection
	GlobalSection(ExtensibilityGlobals) = postSolution
		SolutionGuid = {DA8CB09A-38CF-41F5-85DC-261855D7AD76}
	EndGlobalSection
EndGlobal
